Microsoft Visual Studio Solution File, Format Version 12.00
# Visual Studio Version 17
VisualStudioVersion = 17.5.2.0
MinimumVisualStudioVersion = 10.0.40219.1
Project("{FAE04EC0-301F-11D3-BF4B-00C04F79EFBC}") = "mythos-backend-dotnet", "mythos-backend-dotnet.csproj", "{37C776B6-891C-441B-BE0C-0D88380B1E1A}"
EndProject
Global
	GlobalSection(SolutionConfigurationPlatforms) = preSolution
		Debug|Any CPU = Debug|Any CPU
		Release|Any CPU = Release|Any CPU
	EndGlobalSection
	GlobalSection(ProjectConfigurationPlatforms) = postSolution
		{37C776B6-891C-441B-BE0C-0D88380B1E1A}.Debug|Any CPU.ActiveCfg = Debug|Any CPU
		{37C776B6-891C-441B-BE0C-0D88380B1E1A}.Debug|Any CPU.Build.0 = Debug|Any CPU
		{37C776B6-891C-441B-BE0C-0D88380B1E1A}.Release|Any CPU.ActiveCfg = Release|Any CPU
		{37C776B6-891C-441B-BE0C-0D88380B1E1A}.Release|Any CPU.Build.0 = Release|Any CPU
	EndGlobalSection
	GlobalSection(SolutionProperties) = preSolution
		HideSolutionNode = FALSE
	EndGlobalSection
	GlobalSection(ExtensibilityGlobals) = postSolution
		SolutionGuid = {6839FF45-72BF-46F6-9F97-EE72CB04EBCF}
	EndGlobalSection
EndGlobal
